// !$*UTF8*$!
{
	archiveVersion = 1;
	classes = {
	};
	objectVersion = 51;
	objects = {

/* Begin PBXBuildFile section */
		1498D2341E8E89220040F4C2 /* GeneratedPluginRegistrant.m in Sources */ = {isa = PBXBuildFile; fileRef = 1498D2331E8E89220040F4C2 /* GeneratedPluginRegistrant.m */; };
		3B3967161E833CAA004F5970 /* AppFrameworkInfo.plist in Resources */ = {isa = PBXBuildFile; fileRef = 3B3967151E833CAA004F5970 /* AppFrameworkInfo.plist */; };
		4409ACA0282B0A0000FA02AC /* libc++.tbd in Frameworks */ = {isa = PBXBuildFile; fileRef = 4409AC9F282B0A0000FA02AC /* libc++.tbd */; };
		4409ACA2282B0A0700FA02AC /* libz.tbd in Frameworks */ = {isa = PBXBuildFile; fileRef = 4409ACA1282B0A0700FA02AC /* libz.tbd */; };
		4409ACA4282B0A0C00FA02AC /* libsqlite3.tbd in Frameworks */ = {isa = PBXBuildFile; fileRef = 4409ACA3282B0A0C00FA02AC /* libsqlite3.tbd */; };
		4409ACA6282B0A1400FA02AC /* AuthenticationServices.framework in Frameworks */ = {isa = PBXBuildFile; fileRef = 4409ACA5282B0A1400FA02AC /* AuthenticationServices.framework */; };
		4409ACA8282B0A2300FA02AC /* SafariServices.framework in Frameworks */ = {isa = PBXBuildFile; fileRef = 4409ACA7282B0A2300FA02AC /* SafariServices.framework */; };
		4409ACAA282B0A2900FA02AC /* Accelerate.framework in Frameworks */ = {isa = PBXBuildFile; fileRef = 4409ACA9282B0A2900FA02AC /* Accelerate.framework */; };
		4409ACD5282BE52600FA02AC /* DouyinOpenSDK.framework in Frameworks */ = {isa = PBXBuildFile; fileRef = 4409ACB1282BE52600FA02AC /* DouyinOpenSDK.framework */; };
		4409ACD6282BE52600FA02AC /* FBSDKLoginKit.framework in Frameworks */ = {isa = PBXBuildFile; fileRef = 4409ACB3282BE52600FA02AC /* FBSDKLoginKit.framework */; };
		4409ACD7282BE52600FA02AC /* FBSDKShareKit.framework in Frameworks */ = {isa = PBXBuildFile; fileRef = 4409ACB4282BE52600FA02AC /* FBSDKShareKit.framework */; };
		4409ACD9282BE52600FA02AC /* FBAEMKit.framework in Frameworks */ = {isa = PBXBuildFile; fileRef = 4409ACB6282BE52600FA02AC /* FBAEMKit.framework */; };
		4409ACDA282BE52600FA02AC /* FBSDKCoreKit.framework in Frameworks */ = {isa = PBXBuildFile; fileRef = 4409ACB7282BE52600FA02AC /* FBSDKCoreKit.framework */; };
		4409ACDB282BE52600FA02AC /* FBSDKCoreKit_Basics.framework in Frameworks */ = {isa = PBXBuildFile; fileRef = 4409ACB8282BE52600FA02AC /* FBSDKCoreKit_Basics.framework */; };
		4409ACDC282BE52600FA02AC /* libWeChatSDK.a in Frameworks */ = {isa = PBXBuildFile; fileRef = 4409ACBD282BE52600FA02AC /* libWeChatSDK.a */; };
		4409ACDD282BE52600FA02AC /* TencentOpenAPI.framework in Frameworks */ = {isa = PBXBuildFile; fileRef = 4409ACBF282BE52600FA02AC /* TencentOpenAPI.framework */; };
		4409ACDE282BE52600FA02AC /* ShareSDKConnector.framework in Frameworks */ = {isa = PBXBuildFile; fileRef = 4409ACC1282BE52600FA02AC /* ShareSDKConnector.framework */; };
		4409ACE1282BE52600FA02AC /* ShareSDKConfigFile.framework in Frameworks */ = {isa = PBXBuildFile; fileRef = 4409ACC5282BE52600FA02AC /* ShareSDKConfigFile.framework */; };
		4409ACE2282BE52600FA02AC /* ShareSDKExtension.framework in Frameworks */ = {isa = PBXBuildFile; fileRef = 4409ACC6282BE52600FA02AC /* ShareSDKExtension.framework */; };
		4409ACE3282BE52600FA02AC /* ShareSDKUI.framework in Frameworks */ = {isa = PBXBuildFile; fileRef = 4409ACC7282BE52600FA02AC /* ShareSDKUI.framework */; };
		4409ACE4282BE52600FA02AC /* ShareSDKConfigFile.bundle in Resources */ = {isa = PBXBuildFile; fileRef = 4409ACC8282BE52600FA02AC /* ShareSDKConfigFile.bundle */; };
		4409ACE5282BE52600FA02AC /* SMSConnector.framework in Frameworks */ = {isa = PBXBuildFile; fileRef = 4409ACCA282BE52600FA02AC /* SMSConnector.framework */; };
		4409ACE6282BE52600FA02AC /* FacebookMessengerConnector.framework in Frameworks */ = {isa = PBXBuildFile; fileRef = 4409ACCB282BE52600FA02AC /* FacebookMessengerConnector.framework */; };
		4409ACE7282BE52600FA02AC /* AppleAccountConnector.framework in Frameworks */ = {isa = PBXBuildFile; fileRef = 4409ACCC282BE52600FA02AC /* AppleAccountConnector.framework */; };
		4409ACE8282BE52600FA02AC /* QQConnector.framework in Frameworks */ = {isa = PBXBuildFile; fileRef = 4409ACCD282BE52600FA02AC /* QQConnector.framework */; };
		4409ACE9282BE52600FA02AC /* DouyinConnector.framework in Frameworks */ = {isa = PBXBuildFile; fileRef = 4409ACCE282BE52600FA02AC /* DouyinConnector.framework */; };
		4409ACEA282BE52600FA02AC /* TwitterConnector.framework in Frameworks */ = {isa = PBXBuildFile; fileRef = 4409ACCF282BE52600FA02AC /* TwitterConnector.framework */; };
		4409ACEB282BE52600FA02AC /* FacebookConnector.framework in Frameworks */ = {isa = PBXBuildFile; fileRef = 4409ACD0282BE52600FA02AC /* FacebookConnector.framework */; };
		4409ACEC282BE52600FA02AC /* WechatConnector.framework in Frameworks */ = {isa = PBXBuildFile; fileRef = 4409ACD1282BE52600FA02AC /* WechatConnector.framework */; };
		4409ACED282BE52600FA02AC /* ShareSDK.framework in Frameworks */ = {isa = PBXBuildFile; fileRef = 4409ACD2282BE52600FA02AC /* ShareSDK.framework */; };
		4409ACEE282BE52600FA02AC /* MOBFoundation.framework in Frameworks */ = {isa = PBXBuildFile; fileRef = 4409ACD4282BE52600FA02AC /* MOBFoundation.framework */; };
		74858FAF1ED2DC5600515810 /* AppDelegate.swift in Sources */ = {isa = PBXBuildFile; fileRef = 74858FAE1ED2DC5600515810 /* AppDelegate.swift */; };
		7552B93E1E99C4AA455E90F8 /* Pods_Runner.framework in Frameworks */ = {isa = PBXBuildFile; fileRef = DE947D3CB206A191EC7B8EFE /* Pods_Runner.framework */; };
		97C146FC1CF9000F007C117D /* Main.storyboard in Resources */ = {isa = PBXBuildFile; fileRef = 97C146FA1CF9000F007C117D /* Main.storyboard */; };
		97C146FE1CF9000F007C117D /* Assets.xcassets in Resources */ = {isa = PBXBuildFile; fileRef = 97C146FD1CF9000F007C117D /* Assets.xcassets */; };
		97C147011CF9000F007C117D /* LaunchScreen.storyboard in Resources */ = {isa = PBXBuildFile; fileRef = 97C146FF1CF9000F007C117D /* LaunchScreen.storyboard */; };
/* End PBXBuildFile section */

/* Begin PBXCopyFilesBuildPhase section */
		9705A1C41CF9048500538489 /* Embed Frameworks */ = {
			isa = PBXCopyFilesBuildPhase;
			buildActionMask = 2147483647;
			dstPath = "";
			dstSubfolderSpec = 10;
			files = (
			);
			name = "Embed Frameworks";
			runOnlyForDeploymentPostprocessing = 0;
		};
/* End PBXCopyFilesBuildPhase section */

/* Begin PBXFileReference section */
		1498D2321E8E86230040F4C2 /* GeneratedPluginRegistrant.h */ = {isa = PBXFileReference; lastKnownFileType = sourcecode.c.h; path = GeneratedPluginRegistrant.h; sourceTree = "<group>"; };
		1498D2331E8E89220040F4C2 /* GeneratedPluginRegistrant.m */ = {isa = PBXFileReference; fileEncoding = 4; lastKnownFileType = sourcecode.c.objc; path = GeneratedPluginRegistrant.m; sourceTree = "<group>"; };
		3B3967151E833CAA004F5970 /* AppFrameworkInfo.plist */ = {isa = PBXFileReference; fileEncoding = 4; lastKnownFileType = text.plist.xml; name = AppFrameworkInfo.plist; path = Flutter/AppFrameworkInfo.plist; sourceTree = "<group>"; };
		4409AC9F282B0A0000FA02AC /* libc++.tbd */ = {isa = PBXFileReference; lastKnownFileType = "sourcecode.text-based-dylib-definition"; name = "libc++.tbd"; path = "usr/lib/libc++.tbd"; sourceTree = SDKROOT; };
		4409ACA1282B0A0700FA02AC /* libz.tbd */ = {isa = PBXFileReference; lastKnownFileType = "sourcecode.text-based-dylib-definition"; name = libz.tbd; path = usr/lib/libz.tbd; sourceTree = SDKROOT; };
		4409ACA3282B0A0C00FA02AC /* libsqlite3.tbd */ = {isa = PBXFileReference; lastKnownFileType = "sourcecode.text-based-dylib-definition"; name = libsqlite3.tbd; path = usr/lib/libsqlite3.tbd; sourceTree = SDKROOT; };
		4409ACA5282B0A1400FA02AC /* AuthenticationServices.framework */ = {isa = PBXFileReference; lastKnownFileType = wrapper.framework; name = AuthenticationServices.framework; path = System/Library/Frameworks/AuthenticationServices.framework; sourceTree = SDKROOT; };
		4409ACA7282B0A2300FA02AC /* SafariServices.framework */ = {isa = PBXFileReference; lastKnownFileType = wrapper.framework; name = SafariServices.framework; path = System/Library/Frameworks/SafariServices.framework; sourceTree = SDKROOT; };
		4409ACA9282B0A2900FA02AC /* Accelerate.framework */ = {isa = PBXFileReference; lastKnownFileType = wrapper.framework; name = Accelerate.framework; path = System/Library/Frameworks/Accelerate.framework; sourceTree = SDKROOT; };
		4409ACB1282BE52600FA02AC /* DouyinOpenSDK.framework */ = {isa = PBXFileReference; lastKnownFileType = wrapper.framework; path = DouyinOpenSDK.framework; sourceTree = "<group>"; };
		4409ACB3282BE52600FA02AC /* FBSDKLoginKit.framework */ = {isa = PBXFileReference; lastKnownFileType = wrapper.framework; path = FBSDKLoginKit.framework; sourceTree = "<group>"; };
		4409ACB4282BE52600FA02AC /* FBSDKShareKit.framework */ = {isa = PBXFileReference; lastKnownFileType = wrapper.framework; path = FBSDKShareKit.framework; sourceTree = "<group>"; };
		4409ACB5282BE52600FA02AC /* FacebookSDKStrings.bundle */ = {isa = PBXFileReference; lastKnownFileType = "wrapper.plug-in"; path = FacebookSDKStrings.bundle; sourceTree = "<group>"; };
		4409ACB6282BE52600FA02AC /* FBAEMKit.framework */ = {isa = PBXFileReference; lastKnownFileType = wrapper.framework; path = FBAEMKit.framework; sourceTree = "<group>"; };
		4409ACB7282BE52600FA02AC /* FBSDKCoreKit.framework */ = {isa = PBXFileReference; lastKnownFileType = wrapper.framework; path = FBSDKCoreKit.framework; sourceTree = "<group>"; };
		4409ACB8282BE52600FA02AC /* FBSDKCoreKit_Basics.framework */ = {isa = PBXFileReference; lastKnownFileType = wrapper.framework; path = FBSDKCoreKit_Basics.framework; sourceTree = "<group>"; };
		4409ACBA282BE52600FA02AC /* WXApi.h */ = {isa = PBXFileReference; fileEncoding = 4; lastKnownFileType = sourcecode.c.h; path = WXApi.h; sourceTree = "<group>"; };
		4409ACBB282BE52600FA02AC /* WXApiObject.h */ = {isa = PBXFileReference; fileEncoding = 4; lastKnownFileType = sourcecode.c.h; path = WXApiObject.h; sourceTree = "<group>"; };
		4409ACBC282BE52600FA02AC /* WechatAuthSDK.h */ = {isa = PBXFileReference; fileEncoding = 4; lastKnownFileType = sourcecode.c.h; path = WechatAuthSDK.h; sourceTree = "<group>"; };
		4409ACBD282BE52600FA02AC /* libWeChatSDK.a */ = {isa = PBXFileReference; lastKnownFileType = archive.ar; path = libWeChatSDK.a; sourceTree = "<group>"; };
		4409ACBF282BE52600FA02AC /* TencentOpenAPI.framework */ = {isa = PBXFileReference; lastKnownFileType = wrapper.framework; path = TencentOpenAPI.framework; sourceTree = "<group>"; };
		4409ACC1282BE52600FA02AC /* ShareSDKConnector.framework */ = {isa = PBXFileReference; lastKnownFileType = wrapper.framework; path = ShareSDKConnector.framework; sourceTree = "<group>"; };
		4409ACC2282BE52600FA02AC /* ShareSDK.bundle */ = {isa = PBXFileReference; lastKnownFileType = "wrapper.plug-in"; path = ShareSDK.bundle; sourceTree = "<group>"; };
		4409ACC4282BE52600FA02AC /* ShareSDKUI.bundle */ = {isa = PBXFileReference; lastKnownFileType = "wrapper.plug-in"; path = ShareSDKUI.bundle; sourceTree = "<group>"; };
		4409ACC5282BE52600FA02AC /* ShareSDKConfigFile.framework */ = {isa = PBXFileReference; lastKnownFileType = wrapper.framework; path = ShareSDKConfigFile.framework; sourceTree = "<group>"; };
		4409ACC6282BE52600FA02AC /* ShareSDKExtension.framework */ = {isa = PBXFileReference; lastKnownFileType = wrapper.framework; path = ShareSDKExtension.framework; sourceTree = "<group>"; };
		4409ACC7282BE52600FA02AC /* ShareSDKUI.framework */ = {isa = PBXFileReference; lastKnownFileType = wrapper.framework; path = ShareSDKUI.framework; sourceTree = "<group>"; };
		4409ACC8282BE52600FA02AC /* ShareSDKConfigFile.bundle */ = {isa = PBXFileReference; lastKnownFileType = "wrapper.plug-in"; path = ShareSDKConfigFile.bundle; sourceTree = "<group>"; };
		4409ACCA282BE52600FA02AC /* SMSConnector.framework */ = {isa = PBXFileReference; lastKnownFileType = wrapper.framework; path = SMSConnector.framework; sourceTree = "<group>"; };
		4409ACCB282BE52600FA02AC /* FacebookMessengerConnector.framework */ = {isa = PBXFileReference; lastKnownFileType = wrapper.framework; path = FacebookMessengerConnector.framework; sourceTree = "<group>"; };
		4409ACCC282BE52600FA02AC /* AppleAccountConnector.framework */ = {isa = PBXFileReference; lastKnownFileType = wrapper.framework; path = AppleAccountConnector.framework; sourceTree = "<group>"; };
		4409ACCD282BE52600FA02AC /* QQConnector.framework */ = {isa = PBXFileReference; lastKnownFileType = wrapper.framework; path = QQConnector.framework; sourceTree = "<group>"; };
		4409ACCE282BE52600FA02AC /* DouyinConnector.framework */ = {isa = PBXFileReference; lastKnownFileType = wrapper.framework; path = DouyinConnector.framework; sourceTree = "<group>"; };
		4409ACCF282BE52600FA02AC /* TwitterConnector.framework */ = {isa = PBXFileReference; lastKnownFileType = wrapper.framework; path = TwitterConnector.framework; sourceTree = "<group>"; };
		4409ACD0282BE52600FA02AC /* FacebookConnector.framework */ = {isa = PBXFileReference; lastKnownFileType = wrapper.framework; path = FacebookConnector.framework; sourceTree = "<group>"; };
		4409ACD1282BE52600FA02AC /* WechatConnector.framework */ = {isa = PBXFileReference; lastKnownFileType = wrapper.framework; path = WechatConnector.framework; sourceTree = "<group>"; };
		4409ACD2282BE52600FA02AC /* ShareSDK.framework */ = {isa = PBXFileReference; lastKnownFileType = wrapper.framework; path = ShareSDK.framework; sourceTree = "<group>"; };
		4409ACD4282BE52600FA02AC /* MOBFoundation.framework */ = {isa = PBXFileReference; lastKnownFileType = wrapper.framework; path = MOBFoundation.framework; sourceTree = "<group>"; };
		542E0C6D319EC6DD6A1FF94E /* Pods-Runner.release.xcconfig */ = {isa = PBXFileReference; includeInIndex = 1; lastKnownFileType = text.xcconfig; name = "Pods-Runner.release.xcconfig"; path = "Target Support Files/Pods-Runner/Pods-Runner.release.xcconfig"; sourceTree = "<group>"; };
		74858FAD1ED2DC5600515810 /* Runner-Bridging-Header.h */ = {isa = PBXFileReference; lastKnownFileType = sourcecode.c.h; path = "Runner-Bridging-Header.h"; sourceTree = "<group>"; };
		74858FAE1ED2DC5600515810 /* AppDelegate.swift */ = {isa = PBXFileReference; fileEncoding = 4; lastKnownFileType = sourcecode.swift; path = AppDelegate.swift; sourceTree = "<group>"; };
		7AFA3C8E1D35360C0083082E /* Release.xcconfig */ = {isa = PBXFileReference; lastKnownFileType = text.xcconfig; name = Release.xcconfig; path = Flutter/Release.xcconfig; sourceTree = "<group>"; };
		9740EEB21CF90195004384FC /* Debug.xcconfig */ = {isa = PBXFileReference; fileEncoding = 4; lastKnownFileType = text.xcconfig; name = Debug.xcconfig; path = Flutter/Debug.xcconfig; sourceTree = "<group>"; };
		9740EEB31CF90195004384FC /* Generated.xcconfig */ = {isa = PBXFileReference; fileEncoding = 4; lastKnownFileType = text.xcconfig; name = Generated.xcconfig; path = Flutter/Generated.xcconfig; sourceTree = "<group>"; };
		97C146EE1CF9000F007C117D /* Runner.app */ = {isa = PBXFileReference; explicitFileType = wrapper.application; includeInIndex = 0; path = Runner.app; sourceTree = BUILT_PRODUCTS_DIR; };
		97C146FB1CF9000F007C117D /* Base */ = {isa = PBXFileReference; lastKnownFileType = file.storyboard; name = Base; path = Base.lproj/Main.storyboard; sourceTree = "<group>"; };
		97C146FD1CF9000F007C117D /* Assets.xcassets */ = {isa = PBXFileReference; lastKnownFileType = folder.assetcatalog; path = Assets.xcassets; sourceTree = "<group>"; };
		97C147001CF9000F007C117D /* Base */ = {isa = PBXFileReference; lastKnownFileType = file.storyboard; name = Base; path = Base.lproj/LaunchScreen.storyboard; sourceTree = "<group>"; };
		97C147021CF9000F007C117D /* Info.plist */ = {isa = PBXFileReference; lastKnownFileType = text.plist.xml; path = Info.plist; sourceTree = "<group>"; };
		BB4DC3BC81FEAD949DFA0C46 /* Pods-Runner.debug.xcconfig */ = {isa = PBXFileReference; includeInIndex = 1; lastKnownFileType = text.xcconfig; name = "Pods-Runner.debug.xcconfig"; path = "Target Support Files/Pods-Runner/Pods-Runner.debug.xcconfig"; sourceTree = "<group>"; };
		D61C20E426A515938C83FAB7 /* Pods-Runner.profile.xcconfig */ = {isa = PBXFileReference; includeInIndex = 1; lastKnownFileType = text.xcconfig; name = "Pods-Runner.profile.xcconfig"; path = "Target Support Files/Pods-Runner/Pods-Runner.profile.xcconfig"; sourceTree = "<group>"; };
		DE947D3CB206A191EC7B8EFE /* Pods_Runner.framework */ = {isa = PBXFileReference; explicitFileType = wrapper.framework; includeInIndex = 0; path = Pods_Runner.framework; sourceTree = BUILT_PRODUCTS_DIR; };
/* End PBXFileReference section */

/* Begin PBXFrameworksBuildPhase section */
		97C146EB1CF9000F007C117D /* Frameworks */ = {
			isa = PBXFrameworksBuildPhase;
			buildActionMask = 2147483647;
			files = (
				4409ACE9282BE52600FA02AC /* DouyinConnector.framework in Frameworks */,
				4409ACE1282BE52600FA02AC /* ShareSDKConfigFile.framework in Frameworks */,
				4409ACDC282BE52600FA02AC /* libWeChatSDK.a in Frameworks */,
				4409ACAA282B0A2900FA02AC /* Accelerate.framework in Frameworks */,
				4409ACEA282BE52600FA02AC /* TwitterConnector.framework in Frameworks */,
				4409ACDA282BE52600FA02AC /* FBSDKCoreKit.framework in Frameworks */,
				4409ACE6282BE52600FA02AC /* FacebookMessengerConnector.framework in Frameworks */,
				4409ACA8282B0A2300FA02AC /* SafariServices.framework in Frameworks */,
				4409ACDB282BE52600FA02AC /* FBSDKCoreKit_Basics.framework in Frameworks */,
				4409ACD7282BE52600FA02AC /* FBSDKShareKit.framework in Frameworks */,
				4409ACD6282BE52600FA02AC /* FBSDKLoginKit.framework in Frameworks */,
				4409ACDE282BE52600FA02AC /* ShareSDKConnector.framework in Frameworks */,
				4409ACEE282BE52600FA02AC /* MOBFoundation.framework in Frameworks */,
				4409ACEB282BE52600FA02AC /* FacebookConnector.framework in Frameworks */,
				4409ACEC282BE52600FA02AC /* WechatConnector.framework in Frameworks */,
				4409ACE3282BE52600FA02AC /* ShareSDKUI.framework in Frameworks */,
				4409ACD9282BE52600FA02AC /* FBAEMKit.framework in Frameworks */,
				4409ACA6282B0A1400FA02AC /* AuthenticationServices.framework in Frameworks */,
				4409ACE8282BE52600FA02AC /* QQConnector.framework in Frameworks */,
				4409ACE7282BE52600FA02AC /* AppleAccountConnector.framework in Frameworks */,
				4409ACE5282BE52600FA02AC /* SMSConnector.framework in Frameworks */,
				4409ACA4282B0A0C00FA02AC /* libsqlite3.tbd in Frameworks */,
				4409ACDD282BE52600FA02AC /* TencentOpenAPI.framework in Frameworks */,
				4409ACA2282B0A0700FA02AC /* libz.tbd in Frameworks */,
				4409ACED282BE52600FA02AC /* ShareSDK.framework in Frameworks */,
				4409ACA0282B0A0000FA02AC /* libc++.tbd in Frameworks */,
				7552B93E1E99C4AA455E90F8 /* Pods_Runner.framework in Frameworks */,
				4409ACD5282BE52600FA02AC /* DouyinOpenSDK.framework in Frameworks */,
				4409ACE2282BE52600FA02AC /* ShareSDKExtension.framework in Frameworks */,
			);
			runOnlyForDeploymentPostprocessing = 0;
		};
/* End PBXFrameworksBuildPhase section */

/* Begin PBXGroup section */
		20104C001440E58A45883BA3 /* Frameworks */ = {
			isa = PBXGroup;
			children = (
				4409ACA9282B0A2900FA02AC /* Accelerate.framework */,
				4409ACA7282B0A2300FA02AC /* SafariServices.framework */,
				4409ACA5282B0A1400FA02AC /* AuthenticationServices.framework */,
				4409ACA3282B0A0C00FA02AC /* libsqlite3.tbd */,
				4409ACA1282B0A0700FA02AC /* libz.tbd */,
				4409AC9F282B0A0000FA02AC /* libc++.tbd */,
				DE947D3CB206A191EC7B8EFE /* Pods_Runner.framework */,
			);
			name = Frameworks;
			sourceTree = "<group>";
		};
		4409ACAC282BE52600FA02AC /* SDK */ = {
			isa = PBXGroup;
			children = (
				4409ACAD282BE52600FA02AC /* ShareSDK */,
				4409ACD3282BE52600FA02AC /* Required */,
			);
			path = SDK;
			sourceTree = "<group>";
		};
		4409ACAD282BE52600FA02AC /* ShareSDK */ = {
			isa = PBXGroup;
			children = (
				4409ACAE282BE52600FA02AC /* Support */,
				4409ACD2282BE52600FA02AC /* ShareSDK.framework */,
			);
			path = ShareSDK;
			sourceTree = "<group>";
		};
		4409ACAE282BE52600FA02AC /* Support */ = {
			isa = PBXGroup;
			children = (
				4409ACAF282BE52600FA02AC /* PlatformSDK */,
				4409ACC0282BE52600FA02AC /* Required */,
				4409ACC3282BE52600FA02AC /* Optional */,
				4409ACC9282BE52600FA02AC /* PlatformConnector */,
			);
			path = Support;
			sourceTree = "<group>";
		};
		4409ACAF282BE52600FA02AC /* PlatformSDK */ = {
			isa = PBXGroup;
			children = (
				4409ACB0282BE52600FA02AC /* DouyinOpenSDK */,
				4409ACB2282BE52600FA02AC /* FacebookSDK */,
				4409ACB9282BE52600FA02AC /* WeChatSDK */,
				4409ACBE282BE52600FA02AC /* QQSDK */,
			);
			path = PlatformSDK;
			sourceTree = "<group>";
		};
		4409ACB0282BE52600FA02AC /* DouyinOpenSDK */ = {
			isa = PBXGroup;
			children = (
				4409ACB1282BE52600FA02AC /* DouyinOpenSDK.framework */,
			);
			path = DouyinOpenSDK;
			sourceTree = "<group>";
		};
		4409ACB2282BE52600FA02AC /* FacebookSDK */ = {
			isa = PBXGroup;
			children = (
				4409ACB3282BE52600FA02AC /* FBSDKLoginKit.framework */,
				4409ACB4282BE52600FA02AC /* FBSDKShareKit.framework */,
				4409ACB5282BE52600FA02AC /* FacebookSDKStrings.bundle */,
				4409ACB6282BE52600FA02AC /* FBAEMKit.framework */,
				4409ACB7282BE52600FA02AC /* FBSDKCoreKit.framework */,
				4409ACB8282BE52600FA02AC /* FBSDKCoreKit_Basics.framework */,
			);
			path = FacebookSDK;
			sourceTree = "<group>";
		};
		4409ACB9282BE52600FA02AC /* WeChatSDK */ = {
			isa = PBXGroup;
			children = (
				4409ACBA282BE52600FA02AC /* WXApi.h */,
				4409ACBB282BE52600FA02AC /* WXApiObject.h */,
				4409ACBC282BE52600FA02AC /* WechatAuthSDK.h */,
				4409ACBD282BE52600FA02AC /* libWeChatSDK.a */,
			);
			path = WeChatSDK;
			sourceTree = "<group>";
		};
		4409ACBE282BE52600FA02AC /* QQSDK */ = {
			isa = PBXGroup;
			children = (
				4409ACBF282BE52600FA02AC /* TencentOpenAPI.framework */,
			);
			path = QQSDK;
			sourceTree = "<group>";
		};
		4409ACC0282BE52600FA02AC /* Required */ = {
			isa = PBXGroup;
			children = (
				4409ACC1282BE52600FA02AC /* ShareSDKConnector.framework */,
				4409ACC2282BE52600FA02AC /* ShareSDK.bundle */,
			);
			path = Required;
			sourceTree = "<group>";
		};
		4409ACC3282BE52600FA02AC /* Optional */ = {
			isa = PBXGroup;
			children = (
				4409ACC4282BE52600FA02AC /* ShareSDKUI.bundle */,
				4409ACC5282BE52600FA02AC /* ShareSDKConfigFile.framework */,
				4409ACC6282BE52600FA02AC /* ShareSDKExtension.framework */,
				4409ACC7282BE52600FA02AC /* ShareSDKUI.framework */,
				4409ACC8282BE52600FA02AC /* ShareSDKConfigFile.bundle */,
			);
			path = Optional;
			sourceTree = "<group>";
		};
		4409ACC9282BE52600FA02AC /* PlatformConnector */ = {
			isa = PBXGroup;
			children = (
				4409ACCA282BE52600FA02AC /* SMSConnector.framework */,
				4409ACCB282BE52600FA02AC /* FacebookMessengerConnector.framework */,
				4409ACCC282BE52600FA02AC /* AppleAccountConnector.framework */,
				4409ACCD282BE52600FA02AC /* QQConnector.framework */,
				4409ACCE282BE52600FA02AC /* DouyinConnector.framework */,
				4409ACCF282BE52600FA02AC /* TwitterConnector.framework */,
				4409ACD0282BE52600FA02AC /* FacebookConnector.framework */,
				4409ACD1282BE52600FA02AC /* WechatConnector.framework */,
			);
			path = PlatformConnector;
			sourceTree = "<group>";
		};
		4409ACD3282BE52600FA02AC /* Required */ = {
			isa = PBXGroup;
			children = (
				4409ACD4282BE52600FA02AC /* MOBFoundation.framework */,
			);
			path = Required;
			sourceTree = "<group>";
		};
		9740EEB11CF90186004384FC /* Flutter */ = {
			isa = PBXGroup;
			children = (
				3B3967151E833CAA004F5970 /* AppFrameworkInfo.plist */,
				9740EEB21CF90195004384FC /* Debug.xcconfig */,
				7AFA3C8E1D35360C0083082E /* Release.xcconfig */,
				9740EEB31CF90195004384FC /* Generated.xcconfig */,
			);
			name = Flutter;
			sourceTree = "<group>";
		};
		97C146E51CF9000F007C117D = {
			isa = PBXGroup;
			children = (
				4409ACAC282BE52600FA02AC /* SDK */,
				9740EEB11CF90186004384FC /* Flutter */,
				97C146F01CF9000F007C117D /* Runner */,
				97C146EF1CF9000F007C117D /* Products */,
				9AD221C83D3A8BDAB60759DD /* Pods */,
				20104C001440E58A45883BA3 /* Frameworks */,
			);
			sourceTree = "<group>";
		};
		97C146EF1CF9000F007C117D /* Products */ = {
			isa = PBXGroup;
			children = (
				97C146EE1CF9000F007C117D /* Runner.app */,
			);
			name = Products;
			sourceTree = "<group>";
		};
		97C146F01CF9000F007C117D /* Runner */ = {
			isa = PBXGroup;
			children = (
				97C146FA1CF9000F007C117D /* Main.storyboard */,
				97C146FD1CF9000F007C117D /* Assets.xcassets */,
				97C146FF1CF9000F007C117D /* LaunchScreen.storyboard */,
				97C147021CF9000F007C117D /* Info.plist */,
				1498D2321E8E86230040F4C2 /* GeneratedPluginRegistrant.h */,
				1498D2331E8E89220040F4C2 /* GeneratedPluginRegistrant.m */,
				74858FAE1ED2DC5600515810 /* AppDelegate.swift */,
				74858FAD1ED2DC5600515810 /* Runner-Bridging-Header.h */,
			);
			path = Runner;
			sourceTree = "<group>";
		};
		9AD221C83D3A8BDAB60759DD /* Pods */ = {
			isa = PBXGroup;
			children = (
				BB4DC3BC81FEAD949DFA0C46 /* Pods-Runner.debug.xcconfig */,
				542E0C6D319EC6DD6A1FF94E /* Pods-Runner.release.xcconfig */,
				D61C20E426A515938C83FAB7 /* Pods-Runner.profile.xcconfig */,
			);
			path = Pods;
			sourceTree = "<group>";
		};
/* End PBXGroup section */

/* Begin PBXNativeTarget section */
		97C146ED1CF9000F007C117D /* Runner */ = {
			isa = PBXNativeTarget;
			buildConfigurationList = 97C147051CF9000F007C117D /* Build configuration list for PBXNativeTarget "Runner" */;
			buildPhases = (
				22FDF9D675EF46CF8D61E370 /* [CP] Check Pods Manifest.lock */,
				9740EEB61CF901F6004384FC /* Run Script */,
				97C146EA1CF9000F007C117D /* Sources */,
				97C146EB1CF9000F007C117D /* Frameworks */,
				97C146EC1CF9000F007C117D /* Resources */,
				9705A1C41CF9048500538489 /* Embed Frameworks */,
				3B06AD1E1E4923F5004D2608 /* Thin Binary */,
				17D4867755A5585610E628A8 /* [CP] Embed Pods Frameworks */,
				23AD76B2A339C91613C13E89 /* [CP] Copy Pods Resources */,
			);
			buildRules = (
			);
			dependencies = (
			);
			name = Runner;
			productName = Runner;
			productReference = 97C146EE1CF9000F007C117D /* Runner.app */;
			productType = "com.apple.product-type.application";
		};
/* End PBXNativeTarget section */

/* Begin PBXProject section */
		97C146E61CF9000F007C117D /* Project object */ = {
			isa = PBXProject;
			attributes = {
				LastUpgradeCheck = 1300;
				ORGANIZATIONNAME = "";
				TargetAttributes = {
					97C146ED1CF9000F007C117D = {
						CreatedOnToolsVersion = 7.3.1;
						LastSwiftMigration = 1100;
					};
				};
			};
			buildConfigurationList = 97C146E91CF9000F007C117D /* Build configuration list for PBXProject "Runner" */;
			compatibilityVersion = "Xcode 9.3";
			developmentRegion = en;
			hasScannedForEncodings = 0;
			knownRegions = (
				en,
				Base,
			);
			mainGroup = 97C146E51CF9000F007C117D;
			productRefGroup = 97C146EF1CF9000F007C117D /* Products */;
			projectDirPath = "";
			projectRoot = "";
			targets = (
				97C146ED1CF9000F007C117D /* Runner */,
			);
		};
/* End PBXProject section */

/* Begin PBXResourcesBuildPhase section */
		97C146EC1CF9000F007C117D /* Resources */ = {
			isa = PBXResourcesBuildPhase;
			buildActionMask = 2147483647;
			files = (
				97C147011CF9000F007C117D /* LaunchScreen.storyboard in Resources */,
				3B3967161E833CAA004F5970 /* AppFrameworkInfo.plist in Resources */,
				4409ACE4282BE52600FA02AC /* ShareSDKConfigFile.bundle in Resources */,
				97C146FE1CF9000F007C117D /* Assets.xcassets in Resources */,
				97C146FC1CF9000F007C117D /* Main.storyboard in Resources */,
			);
			runOnlyForDeploymentPostprocessing = 0;
		};
/* End PBXResourcesBuildPhase section */

/* Begin PBXShellScriptBuildPhase section */
		17D4867755A5585610E628A8 /* [CP] Embed Pods Frameworks */ = {
			isa = PBXShellScriptBuildPhase;
			buildActionMask = 2147483647;
			files = (
			);
			inputFileListPaths = (
				"${PODS_ROOT}/Target Support Files/Pods-Runner/Pods-Runner-frameworks-${CONFIGURATION}-input-files.xcfilelist",
			);
			name = "[CP] Embed Pods Frameworks";
			outputFileListPaths = (
				"${PODS_ROOT}/Target Support Files/Pods-Runner/Pods-Runner-frameworks-${CONFIGURATION}-output-files.xcfilelist",
			);
			runOnlyForDeploymentPostprocessing = 0;
			shellPath = /bin/sh;
			shellScript = "\"${PODS_ROOT}/Target Support Files/Pods-Runner/Pods-Runner-frameworks.sh\"\n";
			showEnvVarsInLog = 0;
		};
		22FDF9D675EF46CF8D61E370 /* [CP] Check Pods Manifest.lock */ = {
			isa = PBXShellScriptBuildPhase;
			buildActionMask = 2147483647;
			files = (
			);
			inputFileListPaths = (
			);
			inputPaths = (
				"${PODS_PODFILE_DIR_PATH}/Podfile.lock",
				"${PODS_ROOT}/Manifest.lock",
			);
			name = "[CP] Check Pods Manifest.lock";
			outputFileListPaths = (
			);
			outputPaths = (
				"$(DERIVED_FILE_DIR)/Pods-Runner-checkManifestLockResult.txt",
			);
			runOnlyForDeploymentPostprocessing = 0;
			shellPath = /bin/sh;
			shellScript = "diff \"${PODS_PODFILE_DIR_PATH}/Podfile.lock\" \"${PODS_ROOT}/Manifest.lock\" > /dev/null\nif [ $? != 0 ] ; then\n    # print error to STDERR\n    echo \"error: The sandbox is not in sync with the Podfile.lock. Run 'pod install' or update your CocoaPods installation.\" >&2\n    exit 1\nfi\n# This output is used by Xcode 'outputs' to avoid re-running this script phase.\necho \"SUCCESS\" > \"${SCRIPT_OUTPUT_FILE_0}\"\n";
			showEnvVarsInLog = 0;
		};
		23AD76B2A339C91613C13E89 /* [CP] Copy Pods Resources */ = {
			isa = PBXShellScriptBuildPhase;
			buildActionMask = 2147483647;
			files = (
			);
			inputFileListPaths = (
				"${PODS_ROOT}/Target Support Files/Pods-Runner/Pods-Runner-resources-${CONFIGURATION}-input-files.xcfilelist",
			);
			name = "[CP] Copy Pods Resources";
			outputFileListPaths = (
				"${PODS_ROOT}/Target Support Files/Pods-Runner/Pods-Runner-resources-${CONFIGURATION}-output-files.xcfilelist",
			);
			runOnlyForDeploymentPostprocessing = 0;
			shellPath = /bin/sh;
			shellScript = "\"${PODS_ROOT}/Target Support Files/Pods-Runner/Pods-Runner-resources.sh\"\n";
			showEnvVarsInLog = 0;
		};
		3B06AD1E1E4923F5004D2608 /* Thin Binary */ = {
			isa = PBXShellScriptBuildPhase;
			buildActionMask = 2147483647;
			files = (
			);
			inputPaths = (
			);
			name = "Thin Binary";
			outputPaths = (
			);
			runOnlyForDeploymentPostprocessing = 0;
			shellPath = /bin/sh;
			shellScript = "/bin/sh \"$FLUTTER_ROOT/packages/flutter_tools/bin/xcode_backend.sh\" embed_and_thin\n";
		};
		9740EEB61CF901F6004384FC /* Run Script */ = {
			isa = PBXShellScriptBuildPhase;
			buildActionMask = 2147483647;
			files = (
			);
			inputPaths = (
			);
			name = "Run Script";
			outputPaths = (
			);
			runOnlyForDeploymentPostprocessing = 0;
			shellPath = /bin/sh;
			shellScript = "/bin/sh \"$FLUTTER_ROOT/packages/flutter_tools/bin/xcode_backend.sh\" build";
		};
/* End PBXShellScriptBuildPhase section */

/* Begin PBXSourcesBuildPhase section */
		97C146EA1CF9000F007C117D /* Sources */ = {
			isa = PBXSourcesBuildPhase;
			buildActionMask = 2147483647;
			files = (
				74858FAF1ED2DC5600515810 /* AppDelegate.swift in Sources */,
				1498D2341E8E89220040F4C2 /* GeneratedPluginRegistrant.m in Sources */,
			);
			runOnlyForDeploymentPostprocessing = 0;
		};
/* End PBXSourcesBuildPhase section */

/* Begin PBXVariantGroup section */
		97C146FA1CF9000F007C117D /* Main.storyboard */ = {
			isa = PBXVariantGroup;
			children = (
				97C146FB1CF9000F007C117D /* Base */,
			);
			name = Main.storyboard;
			sourceTree = "<group>";
		};
		97C146FF1CF9000F007C117D /* LaunchScreen.storyboard */ = {
			isa = PBXVariantGroup;
			children = (
				97C147001CF9000F007C117D /* Base */,
			);
			name = LaunchScreen.storyboard;
			sourceTree = "<group>";
		};
/* End PBXVariantGroup section */

/* Begin XCBuildConfiguration section */
		249021D3217E4FDB00AE95B9 /* Profile */ = {
			isa = XCBuildConfiguration;
			buildSettings = {
				ALWAYS_SEARCH_USER_PATHS = NO;
				CLANG_ANALYZER_NONNULL = YES;
				CLANG_CXX_LANGUAGE_STANDARD = "gnu++0x";
				CLANG_CXX_LIBRARY = "libc++";
				CLANG_ENABLE_MODULES = YES;
				CLANG_ENABLE_OBJC_ARC = YES;
				CLANG_WARN_BLOCK_CAPTURE_AUTORELEASING = YES;
				CLANG_WARN_BOOL_CONVERSION = YES;
				CLANG_WARN_COMMA = YES;
				CLANG_WARN_CONSTANT_CONVERSION = YES;
				CLANG_WARN_DEPRECATED_OBJC_IMPLEMENTATIONS = YES;
				CLANG_WARN_DIRECT_OBJC_ISA_USAGE = YES_ERROR;
				CLANG_WARN_EMPTY_BODY = YES;
				CLANG_WARN_ENUM_CONVERSION = YES;
				CLANG_WARN_INFINITE_RECURSION = YES;
				CLANG_WARN_INT_CONVERSION = YES;
				CLANG_WARN_NON_LITERAL_NULL_CONVERSION = YES;
				CLANG_WARN_OBJC_IMPLICIT_RETAIN_SELF = YES;
				CLANG_WARN_OBJC_LITERAL_CONVERSION = YES;
				CLANG_WARN_OBJC_ROOT_CLASS = YES_ERROR;
				CLANG_WARN_RANGE_LOOP_ANALYSIS = YES;
				CLANG_WARN_STRICT_PROTOTYPES = YES;
				CLANG_WARN_SUSPICIOUS_MOVE = YES;
				CLANG_WARN_UNREACHABLE_CODE = YES;
				CLANG_WARN__DUPLICATE_METHOD_MATCH = YES;
				"CODE_SIGN_IDENTITY[sdk=iphoneos*]" = "iPhone Developer";
				COPY_PHASE_STRIP = NO;
				DEBUG_INFORMATION_FORMAT = "dwarf-with-dsym";
				ENABLE_NS_ASSERTIONS = NO;
				ENABLE_STRICT_OBJC_MSGSEND = YES;
				GCC_C_LANGUAGE_STANDARD = gnu99;
				GCC_NO_COMMON_BLOCKS = YES;
				GCC_WARN_64_TO_32_BIT_CONVERSION = YES;
				GCC_WARN_ABOUT_RETURN_TYPE = YES_ERROR;
				GCC_WARN_UNDECLARED_SELECTOR = YES;
				GCC_WARN_UNINITIALIZED_AUTOS = YES_AGGRESSIVE;
				GCC_WARN_UNUSED_FUNCTION = YES;
				GCC_WARN_UNUSED_VARIABLE = YES;
				IPHONEOS_DEPLOYMENT_TARGET = 13.0;
				MTL_ENABLE_DEBUG_INFO = NO;
				SDKROOT = iphoneos;
				SUPPORTED_PLATFORMS = iphoneos;
				TARGETED_DEVICE_FAMILY = "1,2";
				VALIDATE_PRODUCT = YES;
			};
			name = Profile;
		};
		249021D4217E4FDB00AE95B9 /* Profile */ = {
			isa = XCBuildConfiguration;
			baseConfigurationReference = 7AFA3C8E1D35360C0083082E /* Release.xcconfig */;
			buildSettings = {
				ASSETCATALOG_COMPILER_APPICON_NAME = AppIcon;
				CLANG_ENABLE_MODULES = YES;
				CURRENT_PROJECT_VERSION = "$(FLUTTER_BUILD_NUMBER)";
				ENABLE_BITCODE = NO;
				FRAMEWORK_SEARCH_PATHS = (
					"$(inherited)",
					"$(PROJECT_DIR)/Flutter",
					"$(PROJECT_DIR)/SDK/ShareSDK/Support/PlatformSDK/DouyinOpenSDK",
					"$(PROJECT_DIR)/SDK/ShareSDK/Support/PlatformSDK/FacebookSDK",
					"$(PROJECT_DIR)/SDK/ShareSDK/Support/Required",
					"$(PROJECT_DIR)/SDK/ShareSDK/Support/Optional",
					"$(PROJECT_DIR)/SDK/ShareSDK/Support/PlatformConnector",
					"$(PROJECT_DIR)/SDK/ShareSDK",
					"$(PROJECT_DIR)/SDK/Required",
					"$(PROJECT_DIR)/SDK/ShareSDK/Support/PlatformSDK/QQSDK",
				);
				INFOPLIST_FILE = Runner/Info.plist;
				LD_RUNPATH_SEARCH_PATHS = (
					"$(inherited)",
					"@executable_path/Frameworks",
				);
				LIBRARY_SEARCH_PATHS = (
					"$(inherited)",
					"$(PROJECT_DIR)/Flutter",
					"$(PROJECT_DIR)/SDK/ShareSDK/Support/PlatformSDK/WeChatSDK",
				);
				PRODUCT_BUNDLE_IDENTIFIER = com.lianhongda.shop;
				PRODUCT_NAME = "$(TARGET_NAME)";
				SWIFT_OBJC_BRIDGING_HEADER = "Runner/Runner-Bridging-Header.h";
				SWIFT_VERSION = 5.0;
				VERSIONING_SYSTEM = "apple-generic";
			};
			name = Profile;
		};
		97C147031CF9000F007C117D /* Debug */ = {
			isa = XCBuildConfiguration;
			buildSettings = {
				ALWAYS_SEARCH_USER_PATHS = NO;
				CLANG_ANALYZER_NONNULL = YES;
				CLANG_CXX_LANGUAGE_STANDARD = "gnu++0x";
				CLANG_CXX_LIBRARY = "libc++";
				CLANG_ENABLE_MODULES = YES;
				CLANG_ENABLE_OBJC_ARC = YES;
				CLANG_WARN_BLOCK_CAPTURE_AUTORELEASING = YES;
				CLANG_WARN_BOOL_CONVERSION = YES;
				CLANG_WARN_COMMA = YES;
				CLANG_WARN_CONSTANT_CONVERSION = YES;
				CLANG_WARN_DEPRECATED_OBJC_IMPLEMENTATIONS = YES;
				CLANG_WARN_DIRECT_OBJC_ISA_USAGE = YES_ERROR;
				CLANG_WARN_EMPTY_BODY = YES;
				CLANG_WARN_ENUM_CONVERSION = YES;
				CLANG_WARN_INFINITE_RECURSION = YES;
				CLANG_WARN_INT_CONVERSION = YES;
				CLANG_WARN_NON_LITERAL_NULL_CONVERSION = YES;
				CLANG_WARN_OBJC_IMPLICIT_RETAIN_SELF = YES;
				CLANG_WARN_OBJC_LITERAL_CONVERSION = YES;
				CLANG_WARN_OBJC_ROOT_CLASS = YES_ERROR;
				CLANG_WARN_RANGE_LOOP_ANALYSIS = YES;
				CLANG_WARN_STRICT_PROTOTYPES = YES;
				CLANG_WARN_SUSPICIOUS_MOVE = YES;
				CLANG_WARN_UNREACHABLE_CODE = YES;
				CLANG_WARN__DUPLICATE_METHOD_MATCH = YES;
				"CODE_SIGN_IDENTITY[sdk=iphoneos*]" = "iPhone Developer";
				COPY_PHASE_STRIP = NO;
				DEBUG_INFORMATION_FORMAT = dwarf;
				ENABLE_STRICT_OBJC_MSGSEND = YES;
				ENABLE_TESTABILITY = YES;
				GCC_C_LANGUAGE_STANDARD = gnu99;
				GCC_DYNAMIC_NO_PIC = NO;
				GCC_NO_COMMON_BLOCKS = YES;
				GCC_OPTIMIZATION_LEVEL = 0;
				GCC_PREPROCESSOR_DEFINITIONS = (
					"DEBUG=1",
					"$(inherited)",
				);
				GCC_WARN_64_TO_32_BIT_CONVERSION = YES;
				GCC_WARN_ABOUT_RETURN_TYPE = YES_ERROR;
				GCC_WARN_UNDECLARED_SELECTOR = YES;
				GCC_WARN_UNINITIALIZED_AUTOS = YES_AGGRESSIVE;
				GCC_WARN_UNUSED_FUNCTION = YES;
				GCC_WARN_UNUSED_VARIABLE = YES;
				IPHONEOS_DEPLOYMENT_TARGET = 13.0;
				MTL_ENABLE_DEBUG_INFO = YES;
				ONLY_ACTIVE_ARCH = YES;
				SDKROOT = iphoneos;
				TARGETED_DEVICE_FAMILY = "1,2";
			};
			name = Debug;
		};
		97C147041CF9000F007C117D /* Release */ = {
			isa = XCBuildConfiguration;
			buildSettings = {
				ALWAYS_SEARCH_USER_PATHS = NO;
				CLANG_ANALYZER_NONNULL = YES;
				CLANG_CXX_LANGUAGE_STANDARD = "gnu++0x";
				CLANG_CXX_LIBRARY = "libc++";
				CLANG_ENABLE_MODULES = YES;
				CLANG_ENABLE_OBJC_ARC = YES;
				CLANG_WARN_BLOCK_CAPTURE_AUTORELEASING = YES;
				CLANG_WARN_BOOL_CONVERSION = YES;
				CLANG_WARN_COMMA = YES;
				CLANG_WARN_CONSTANT_CONVERSION = YES;
				CLANG_WARN_DEPRECATED_OBJC_IMPLEMENTATIONS = YES;
				CLANG_WARN_DIRECT_OBJC_ISA_USAGE = YES_ERROR;
				CLANG_WARN_EMPTY_BODY = YES;
				CLANG_WARN_ENUM_CONVERSION = YES;
				CLANG_WARN_INFINITE_RECURSION = YES;
				CLANG_WARN_INT_CONVERSION = YES;
				CLANG_WARN_NON_LITERAL_NULL_CONVERSION = YES;
				CLANG_WARN_OBJC_IMPLICIT_RETAIN_SELF = YES;
				CLANG_WARN_OBJC_LITERAL_CONVERSION = YES;
				CLANG_WARN_OBJC_ROOT_CLASS = YES_ERROR;
				CLANG_WARN_RANGE_LOOP_ANALYSIS = YES;
				CLANG_WARN_STRICT_PROTOTYPES = YES;
				CLANG_WARN_SUSPICIOUS_MOVE = YES;
				CLANG_WARN_UNREACHABLE_CODE = YES;
				CLANG_WARN__DUPLICATE_METHOD_MATCH = YES;
				"CODE_SIGN_IDENTITY[sdk=iphoneos*]" = "iPhone Developer";
				COPY_PHASE_STRIP = NO;
				DEBUG_INFORMATION_FORMAT = "dwarf-with-dsym";
				ENABLE_NS_ASSERTIONS = NO;
				ENABLE_STRICT_OBJC_MSGSEND = YES;
				GCC_C_LANGUAGE_STANDARD = gnu99;
				GCC_NO_COMMON_BLOCKS = YES;
				GCC_WARN_64_TO_32_BIT_CONVERSION = YES;
				GCC_WARN_ABOUT_RETURN_TYPE = YES_ERROR;
				GCC_WARN_UNDECLARED_SELECTOR = YES;
				GCC_WARN_UNINITIALIZED_AUTOS = YES_AGGRESSIVE;
				GCC_WARN_UNUSED_FUNCTION = YES;
				GCC_WARN_UNUSED_VARIABLE = YES;
				IPHONEOS_DEPLOYMENT_TARGET = 13.0;
				MTL_ENABLE_DEBUG_INFO = NO;
				SDKROOT = iphoneos;
				SUPPORTED_PLATFORMS = iphoneos;
				SWIFT_OPTIMIZATION_LEVEL = "-Owholemodule";
				TARGETED_DEVICE_FAMILY = "1,2";
				VALIDATE_PRODUCT = YES;
			};
			name = Release;
		};
		97C147061CF9000F007C117D /* Debug */ = {
			isa = XCBuildConfiguration;
			baseConfigurationReference = 9740EEB21CF90195004384FC /* Debug.xcconfig */;
			buildSettings = {
				ASSETCATALOG_COMPILER_APPICON_NAME = AppIcon;
				CLANG_ENABLE_MODULES = YES;
				CURRENT_PROJECT_VERSION = "$(FLUTTER_BUILD_NUMBER)";
				ENABLE_BITCODE = NO;
				FRAMEWORK_SEARCH_PATHS = (
					"$(inherited)",
					"$(PROJECT_DIR)/Flutter",
					"$(PROJECT_DIR)/SDK/ShareSDK/Support/PlatformSDK/DouyinOpenSDK",
					"$(PROJECT_DIR)/SDK/ShareSDK/Support/PlatformSDK/FacebookSDK",
					"$(PROJECT_DIR)/SDK/ShareSDK/Support/Required",
					"$(PROJECT_DIR)/SDK/ShareSDK/Support/Optional",
					"$(PROJECT_DIR)/SDK/ShareSDK/Support/PlatformConnector",
					"$(PROJECT_DIR)/SDK/ShareSDK",
					"$(PROJECT_DIR)/SDK/Required",
					"$(PROJECT_DIR)/SDK/ShareSDK/Support/PlatformSDK/QQSDK",
				);
				INFOPLIST_FILE = Runner/Info.plist;
				LD_RUNPATH_SEARCH_PATHS = (
					"$(inherited)",
					"@executable_path/Frameworks",
				);
				LIBRARY_SEARCH_PATHS = (
					"$(inherited)",
					"$(PROJECT_DIR)/Flutter",
					"$(PROJECT_DIR)/SDK/ShareSDK/Support/PlatformSDK/WeChatSDK",
				);
				PRODUCT_BUNDLE_IDENTIFIER = com.lianhongda.shop;
				PRODUCT_NAME = "$(TARGET_NAME)";
				SWIFT_OBJC_BRIDGING_HEADER = "Runner/Runner-Bridging-Header.h";
				SWIFT_OPTIMIZATION_LEVEL = "-Onone";
				SWIFT_VERSION = 5.0;
				VERSIONING_SYSTEM = "apple-generic";
			};
			name = Debug;
		};
		97C147071CF9000F007C117D /* Release */ = {
			isa = XCBuildConfiguration;
			baseConfigurationReference = 7AFA3C8E1D35360C0083082E /* Release.xcconfig */;
			buildSettings = {
				ASSETCATALOG_COMPILER_APPICON_NAME = AppIcon;
				CLANG_ENABLE_MODULES = YES;
				CURRENT_PROJECT_VERSION = "$(FLUTTER_BUILD_NUMBER)";
				ENABLE_BITCODE = NO;
				FRAMEWORK_SEARCH_PATHS = (
					"$(inherited)",
					"$(PROJECT_DIR)/Flutter",
					"$(PROJECT_DIR)/SDK/ShareSDK/Support/PlatformSDK/DouyinOpenSDK",
					"$(PROJECT_DIR)/SDK/ShareSDK/Support/PlatformSDK/FacebookSDK",
					"$(PROJECT_DIR)/SDK/ShareSDK/Support/Required",
					"$(PROJECT_DIR)/SDK/ShareSDK/Support/Optional",
					"$(PROJECT_DIR)/SDK/ShareSDK/Support/PlatformConnector",
					"$(PROJECT_DIR)/SDK/ShareSDK",
					"$(PROJECT_DIR)/SDK/Required",
					"$(PROJECT_DIR)/SDK/ShareSDK/Support/PlatformSDK/QQSDK",
				);
				INFOPLIST_FILE = Runner/Info.plist;
				LD_RUNPATH_SEARCH_PATHS = (
					"$(inherited)",
					"@executable_path/Frameworks",
				);
				LIBRARY_SEARCH_PATHS = (
					"$(inherited)",
					"$(PROJECT_DIR)/Flutter",
					"$(PROJECT_DIR)/SDK/ShareSDK/Support/PlatformSDK/WeChatSDK",
				);
				PRODUCT_BUNDLE_IDENTIFIER = com.lianhongda.shop;
				PRODUCT_NAME = "$(TARGET_NAME)";
				SWIFT_OBJC_BRIDGING_HEADER = "Runner/Runner-Bridging-Header.h";
				SWIFT_VERSION = 5.0;
				VERSIONING_SYSTEM = "apple-generic";
			};
			name = Release;
		};
/* End XCBuildConfiguration section */

/* Begin XCConfigurationList section */
		97C146E91CF9000F007C117D /* Build configuration list for PBXProject "Runner" */ = {
			isa = XCConfigurationList;
			buildConfigurations = (
				97C147031CF9000F007C117D /* Debug */,
				97C147041CF9000F007C117D /* Release */,
				249021D3217E4FDB00AE95B9 /* Profile */,
			);
			defaultConfigurationIsVisible = 0;
			defaultConfigurationName = Release;
		};
		97C147051CF9000F007C117D /* Build configuration list for PBXNativeTarget "Runner" */ = {
			isa = XCConfigurationList;
			buildConfigurations = (
				97C147061CF9000F007C117D /* Debug */,
				97C147071CF9000F007C117D /* Release */,
				249021D4217E4FDB00AE95B9 /* Profile */,
			);
			defaultConfigurationIsVisible = 0;
			defaultConfigurationName = Release;
		};
/* End XCConfigurationList section */
	};
	rootObject = 97C146E61CF9000F007C117D /* Project object */;
}
